
Microsoft Visual Studio Solution File, Format Version 12.00
# Visual Studio 15
VisualStudioVersion = 15.0.27130.2010
MinimumVisualStudioVersion = 10.0.40219.1
Project("{FAE04EC0-301F-11D3-BF4B-00C04F79EFBC}") = "FFXVHook", "FFXVHook\FFXVHook.csproj", "{9E51F4D0-9D75-4CA0-A48E-E07C04C699A5}"
EndProject
Project("{2150E333-8FDC-42A3-9474-1A3956D46DE8}") = "Solution Items", "Solution Items", "{282F31EA-7AF8-4EB7-A17E-B45FBF3E685D}"
	ProjectSection(SolutionItems) = preProject
		FFXVHook\ServerInterface.cs = FFXVHook\ServerInterface.cs
	EndProjectSection
EndProject
Global
	GlobalSection(SolutionConfigurationPlatforms) = preSolution
		Debug|Any CPU = Debug|Any CPU
		Release|Any CPU = Release|Any CPU
	EndGlobalSection
	GlobalSection(ProjectConfigurationPlatforms) = postSolution
		{9E51F4D0-9D75-4CA0-A48E-E07C04C699A5}.Debug|Any CPU.ActiveCfg = Debug|Any CPU
		{9E51F4D0-9D75-4CA0-A48E-E07C04C699A5}.Debug|Any CPU.Build.0 = Debug|Any CPU
		{9E51F4D0-9D75-4CA0-A48E-E07C04C699A5}.Release|Any CPU.ActiveCfg = Release|Any CPU
		{9E51F4D0-9D75-4CA0-A48E-E07C04C699A5}.Release|Any CPU.Build.0 = Release|Any CPU
	EndGlobalSection
	GlobalSection(SolutionProperties) = preSolution
		HideSolutionNode = FALSE
	EndGlobalSection
	GlobalSection(ExtensibilityGlobals) = postSolution
		SolutionGuid = {0F1167B8-B411-4E14-BFDF-0993A6C88214}
	EndGlobalSection
EndGlobal
